
Microsoft Visual Studio Solution File, Format Version 12.00
# Visual Studio Version 16
VisualStudioVersion = 16.0.30907.101
MinimumVisualStudioVersion = 10.0.40219.1
Project("{FAE04EC0-301F-11D3-BF4B-00C04F79EFBC}") = "Operaciones", "Operaciones\Operaciones.csproj", "{EF116AC4-F2AD-4A52-B586-9121AF480525}"
EndProject
Global
	GlobalSection(SolutionConfigurationPlatforms) = preSolution
		Debug|Any CPU = Debug|Any CPU
		Release|Any CPU = Release|Any CPU
	EndGlobalSection
	GlobalSection(ProjectConfigurationPlatforms) = postSolution
		{EF116AC4-F2AD-4A52-B586-9121AF480525}.Debug|Any CPU.ActiveCfg = Debug|Any CPU
		{EF116AC4-F2AD-4A52-B586-9121AF480525}.Debug|Any CPU.Build.0 = Debug|Any CPU
		{EF116AC4-F2AD-4A52-B586-9121AF480525}.Release|Any CPU.ActiveCfg = Release|Any CPU
		{EF116AC4-F2AD-4A52-B586-9121AF480525}.Release|Any CPU.Build.0 = Release|Any CPU
	EndGlobalSection
	GlobalSection(SolutionProperties) = preSolution
		HideSolutionNode = FALSE
	EndGlobalSection
	GlobalSection(ExtensibilityGlobals) = postSolution
		SolutionGuid = {50FC8F16-9E33-4D84-A68D-381FF95E95FF}
	EndGlobalSection
EndGlobal
